// !$*UTF8*$!
{
	archiveVersion = 1;
	classes = {
	};
	objectVersion = 50;
	objects = {

/* Begin PBXBuildFile section */
		5348ED4921AF62AA000B940A /* Hierarchy.cpp in Sources */ = {isa = PBXBuildFile; fileRef = 5348ED4721AF62AA000B940A /* Hierarchy.cpp */; };
		5348ED4A21AF62AA000B940A /* Hierarchy.hpp in Headers */ = {isa = PBXBuildFile; fileRef = 5348ED4821AF62AA000B940A /* Hierarchy.hpp */; settings = {ATTRIBUTES = (Public, ); }; };
		5348ED4D21AF65BC000B940A /* FileEntry.cpp in Sources */ = {isa = PBXBuildFile; fileRef = 5348ED4B21AF65BC000B940A /* FileEntry.cpp */; };
		5348ED4E21AF65BC000B940A /* FileEntry.hpp in Headers */ = {isa = PBXBuildFile; fileRef = 5348ED4C21AF65BC000B940A /* FileEntry.hpp */; settings = {ATTRIBUTES = (Public, ); }; };
		5348ED5121AF7C6D000B940A /* File.cpp in Sources */ = {isa = PBXBuildFile; fileRef = 5348ED4F21AF7C6D000B940A /* File.cpp */; };
		5348ED5221AF7C6D000B940A /* File.hpp in Headers */ = {isa = PBXBuildFile; fileRef = 5348ED5021AF7C6D000B940A /* File.hpp */; settings = {ATTRIBUTES = (Public, ); }; };
		5348ED5421AF7E41000B940A /* picosha2.h in Headers */ = {isa = PBXBuildFile; fileRef = 5348ED5321AF7E41000B940A /* picosha2.h */; };
		5348ED5B21AF8152000B940A /* DataBuffer.cpp in Sources */ = {isa = PBXBuildFile; fileRef = 5348ED5921AF8152000B940A /* DataBuffer.cpp */; };
		5348ED5C21AF8152000B940A /* DataBuffer.hpp in Headers */ = {isa = PBXBuildFile; fileRef = 5348ED5A21AF8152000B940A /* DataBuffer.hpp */; settings = {ATTRIBUTES = (Public, ); }; };
		5348ED5F21AF8F3C000B940A /* Archive.cpp in Sources */ = {isa = PBXBuildFile; fileRef = 5348ED5D21AF8F3C000B940A /* Archive.cpp */; };
		5348ED6021AF8F3C000B940A /* Archive.hpp in Headers */ = {isa = PBXBuildFile; fileRef = 5348ED5E21AF8F3C000B940A /* Archive.hpp */; settings = {ATTRIBUTES = (Public, ); }; };
		5348ED6821AFA2B4000B940A /* main.cpp in Sources */ = {isa = PBXBuildFile; fileRef = 5348ED6721AFA2B4000B940A /* main.cpp */; };
		5348ED6D21AFA2CF000B940A /* libhar.a in Frameworks */ = {isa = PBXBuildFile; fileRef = 5348ED3E21AF58BD000B940A /* libhar.a */; };
		5348ED6F21B09FD6000B940A /* Makefile in Sources */ = {isa = PBXBuildFile; fileRef = 5348ED6E21B09FD6000B940A /* Makefile */; };
/* End PBXBuildFile section */

/* Begin PBXCopyFilesBuildPhase section */
		5348ED6321AFA2B4000B940A /* CopyFiles */ = {
			isa = PBXCopyFilesBuildPhase;
			buildActionMask = 2147483647;
			dstPath = /usr/share/man/man1/;
			dstSubfolderSpec = 0;
			files = (
			);
			runOnlyForDeploymentPostprocessing = 1;
		};
/* End PBXCopyFilesBuildPhase section */

/* Begin PBXFileReference section */
		5348ED3E21AF58BD000B940A /* libhar.a */ = {isa = PBXFileReference; explicitFileType = archive.ar; includeInIndex = 0; path = libhar.a; sourceTree = BUILT_PRODUCTS_DIR; };
		5348ED4621AF58E5000B940A /* types.h */ = {isa = PBXFileReference; lastKnownFileType = sourcecode.c.h; path = types.h; sourceTree = "<group>"; };
		5348ED4721AF62AA000B940A /* Hierarchy.cpp */ = {isa = PBXFileReference; lastKnownFileType = sourcecode.cpp.cpp; path = Hierarchy.cpp; sourceTree = "<group>"; };
		5348ED4821AF62AA000B940A /* Hierarchy.hpp */ = {isa = PBXFileReference; lastKnownFileType = sourcecode.cpp.h; path = Hierarchy.hpp; sourceTree = "<group>"; };
		5348ED4B21AF65BC000B940A /* FileEntry.cpp */ = {isa = PBXFileReference; lastKnownFileType = sourcecode.cpp.cpp; path = FileEntry.cpp; sourceTree = "<group>"; };
		5348ED4C21AF65BC000B940A /* FileEntry.hpp */ = {isa = PBXFileReference; lastKnownFileType = sourcecode.cpp.h; path = FileEntry.hpp; sourceTree = "<group>"; };
		5348ED4F21AF7C6D000B940A /* File.cpp */ = {isa = PBXFileReference; lastKnownFileType = sourcecode.cpp.cpp; path = File.cpp; sourceTree = "<group>"; };
		5348ED5021AF7C6D000B940A /* File.hpp */ = {isa = PBXFileReference; lastKnownFileType = sourcecode.cpp.h; path = File.hpp; sourceTree = "<group>"; };
		5348ED5321AF7E41000B940A /* picosha2.h */ = {isa = PBXFileReference; lastKnownFileType = sourcecode.c.h; path = picosha2.h; sourceTree = "<group>"; };
		5348ED5921AF8152000B940A /* DataBuffer.cpp */ = {isa = PBXFileReference; lastKnownFileType = sourcecode.cpp.cpp; path = DataBuffer.cpp; sourceTree = "<group>"; };
		5348ED5A21AF8152000B940A /* DataBuffer.hpp */ = {isa = PBXFileReference; lastKnownFileType = sourcecode.cpp.h; path = DataBuffer.hpp; sourceTree = "<group>"; };
		5348ED5D21AF8F3C000B940A /* Archive.cpp */ = {isa = PBXFileReference; lastKnownFileType = sourcecode.cpp.cpp; path = Archive.cpp; sourceTree = "<group>"; };
		5348ED5E21AF8F3C000B940A /* Archive.hpp */ = {isa = PBXFileReference; lastKnownFileType = sourcecode.cpp.h; path = Archive.hpp; sourceTree = "<group>"; };
		5348ED6521AFA2B4000B940A /* har-test */ = {isa = PBXFileReference; explicitFileType = "compiled.mach-o.executable"; includeInIndex = 0; path = "har-test"; sourceTree = BUILT_PRODUCTS_DIR; };
		5348ED6721AFA2B4000B940A /* main.cpp */ = {isa = PBXFileReference; lastKnownFileType = sourcecode.cpp.cpp; path = main.cpp; sourceTree = "<group>"; };
		5348ED6E21B09FD6000B940A /* Makefile */ = {isa = PBXFileReference; lastKnownFileType = sourcecode.make; path = Makefile; sourceTree = "<group>"; };
/* End PBXFileReference section */

/* Begin PBXFrameworksBuildPhase section */
		5348ED3C21AF58BD000B940A /* Frameworks */ = {
			isa = PBXFrameworksBuildPhase;
			buildActionMask = 2147483647;
			files = (
			);
			runOnlyForDeploymentPostprocessing = 0;
		};
		5348ED6221AFA2B4000B940A /* Frameworks */ = {
			isa = PBXFrameworksBuildPhase;
			buildActionMask = 2147483647;
			files = (
				5348ED6D21AFA2CF000B940A /* libhar.a in Frameworks */,
			);
			runOnlyForDeploymentPostprocessing = 0;
		};
/* End PBXFrameworksBuildPhase section */

/* Begin PBXGroup section */
		5348ED3521AF58BD000B940A = {
			isa = PBXGroup;
			children = (
				5348ED6E21B09FD6000B940A /* Makefile */,
				5348ED4521AF58C5000B940A /* Sources */,
				5348ED6621AFA2B4000B940A /* har-test */,
				5348ED3F21AF58BD000B940A /* Products */,
				5348ED6C21AFA2CF000B940A /* Frameworks */,
			);
			sourceTree = "<group>";
		};
		5348ED3F21AF58BD000B940A /* Products */ = {
			isa = PBXGroup;
			children = (
				5348ED3E21AF58BD000B940A /* libhar.a */,
				5348ED6521AFA2B4000B940A /* har-test */,
			);
			name = Products;
			sourceTree = "<group>";
		};
		5348ED4521AF58C5000B940A /* Sources */ = {
			isa = PBXGroup;
			children = (
				5348ED4621AF58E5000B940A /* types.h */,
				5348ED5D21AF8F3C000B940A /* Archive.cpp */,
				5348ED5E21AF8F3C000B940A /* Archive.hpp */,
				5348ED5921AF8152000B940A /* DataBuffer.cpp */,
				5348ED5A21AF8152000B940A /* DataBuffer.hpp */,
				5348ED4B21AF65BC000B940A /* FileEntry.cpp */,
				5348ED4C21AF65BC000B940A /* FileEntry.hpp */,
				5348ED4721AF62AA000B940A /* Hierarchy.cpp */,
				5348ED4821AF62AA000B940A /* Hierarchy.hpp */,
				5348ED4F21AF7C6D000B940A /* File.cpp */,
				5348ED5021AF7C6D000B940A /* File.hpp */,
				5348ED5321AF7E41000B940A /* picosha2.h */,
			);
			path = Sources;
			sourceTree = "<group>";
		};
		5348ED6621AFA2B4000B940A /* har-test */ = {
			isa = PBXGroup;
			children = (
				5348ED6721AFA2B4000B940A /* main.cpp */,
			);
			path = "har-test";
			sourceTree = "<group>";
		};
		5348ED6C21AFA2CF000B940A /* Frameworks */ = {
			isa = PBXGroup;
			children = (
			);
			name = Frameworks;
			sourceTree = "<group>";
		};
/* End PBXGroup section */

/* Begin PBXHeadersBuildPhase section */
		5348ED3A21AF58BD000B940A /* Headers */ = {
			isa = PBXHeadersBuildPhase;
			buildActionMask = 2147483647;
			files = (
				5348ED4A21AF62AA000B940A /* Hierarchy.hpp in Headers */,
				5348ED5421AF7E41000B940A /* picosha2.h in Headers */,
				5348ED5C21AF8152000B940A /* DataBuffer.hpp in Headers */,
				5348ED5221AF7C6D000B940A /* File.hpp in Headers */,
				5348ED4E21AF65BC000B940A /* FileEntry.hpp in Headers */,
				5348ED6021AF8F3C000B940A /* Archive.hpp in Headers */,
			);
			runOnlyForDeploymentPostprocessing = 0;
		};
/* End PBXHeadersBuildPhase section */

/* Begin PBXNativeTarget section */
		5348ED3D21AF58BD000B940A /* har */ = {
			isa = PBXNativeTarget;
			buildConfigurationList = 5348ED4221AF58BD000B940A /* Build configuration list for PBXNativeTarget "har" */;
			buildPhases = (
				5348ED3A21AF58BD000B940A /* Headers */,
				5348ED3B21AF58BD000B940A /* Sources */,
				5348ED3C21AF58BD000B940A /* Frameworks */,
			);
			buildRules = (
			);
			dependencies = (
			);
			name = har;
			productName = har;
			productReference = 5348ED3E21AF58BD000B940A /* libhar.a */;
			productType = "com.apple.product-type.library.static";
		};
		5348ED6421AFA2B4000B940A /* har-test */ = {
			isa = PBXNativeTarget;
			buildConfigurationList = 5348ED6921AFA2B4000B940A /* Build configuration list for PBXNativeTarget "har-test" */;
			buildPhases = (
				5348ED6121AFA2B4000B940A /* Sources */,
				5348ED6221AFA2B4000B940A /* Frameworks */,
				5348ED6321AFA2B4000B940A /* CopyFiles */,
			);
			buildRules = (
			);
			dependencies = (
			);
			name = "har-test";
			productName = "har-test";
			productReference = 5348ED6521AFA2B4000B940A /* har-test */;
			productType = "com.apple.product-type.tool";
		};
/* End PBXNativeTarget section */

/* Begin PBXProject section */
		5348ED3621AF58BD000B940A /* Project object */ = {
			isa = PBXProject;
			attributes = {
				LastUpgradeCheck = 1010;
				ORGANIZATIONNAME = JackMacWindows;
				TargetAttributes = {
					5348ED3D21AF58BD000B940A = {
						CreatedOnToolsVersion = 10.1;
					};
					5348ED6421AFA2B4000B940A = {
						CreatedOnToolsVersion = 10.1;
					};
				};
			};
			buildConfigurationList = 5348ED3921AF58BD000B940A /* Build configuration list for PBXProject "har" */;
			compatibilityVersion = "Xcode 9.3";
			developmentRegion = en;
			hasScannedForEncodings = 0;
			knownRegions = (
				en,
			);
			mainGroup = 5348ED3521AF58BD000B940A;
			productRefGroup = 5348ED3F21AF58BD000B940A /* Products */;
			projectDirPath = "";
			projectRoot = "";
			targets = (
				5348ED3D21AF58BD000B940A /* har */,
				5348ED6421AFA2B4000B940A /* har-test */,
			);
		};
/* End PBXProject section */

/* Begin PBXSourcesBuildPhase section */
		5348ED3B21AF58BD000B940A /* Sources */ = {
			isa = PBXSourcesBuildPhase;
			buildActionMask = 2147483647;
			files = (
				5348ED6F21B09FD6000B940A /* Makefile in Sources */,
				5348ED5121AF7C6D000B940A /* File.cpp in Sources */,
				5348ED4D21AF65BC000B940A /* FileEntry.cpp in Sources */,
				5348ED4921AF62AA000B940A /* Hierarchy.cpp in Sources */,
				5348ED5F21AF8F3C000B940A /* Archive.cpp in Sources */,
				5348ED5B21AF8152000B940A /* DataBuffer.cpp in Sources */,
			);
			runOnlyForDeploymentPostprocessing = 0;
		};
		5348ED6121AFA2B4000B940A /* Sources */ = {
			isa = PBXSourcesBuildPhase;
			buildActionMask = 2147483647;
			files = (
				5348ED6821AFA2B4000B940A /* main.cpp in Sources */,
			);
			runOnlyForDeploymentPostprocessing = 0;
		};
/* End PBXSourcesBuildPhase section */

/* Begin XCBuildConfiguration section */
		5348ED4021AF58BD000B940A /* Debug */ = {
			isa = XCBuildConfiguration;
			buildSettings = {
				ALWAYS_SEARCH_USER_PATHS = NO;
				CLANG_ANALYZER_NONNULL = YES;
				CLANG_ANALYZER_NUMBER_OBJECT_CONVERSION = YES_AGGRESSIVE;
				CLANG_CXX_LANGUAGE_STANDARD = "gnu++14";
				CLANG_CXX_LIBRARY = "libc++";
				CLANG_ENABLE_MODULES = YES;
				CLANG_ENABLE_OBJC_ARC = YES;
				CLANG_ENABLE_OBJC_WEAK = YES;
				CLANG_WARN_BLOCK_CAPTURE_AUTORELEASING = YES;
				CLANG_WARN_BOOL_CONVERSION = YES;
				CLANG_WARN_COMMA = YES;
				CLANG_WARN_CONSTANT_CONVERSION = YES;
				CLANG_WARN_DEPRECATED_OBJC_IMPLEMENTATIONS = YES;
				CLANG_WARN_DIRECT_OBJC_ISA_USAGE = YES_ERROR;
				CLANG_WARN_DOCUMENTATION_COMMENTS = YES;
				CLANG_WARN_EMPTY_BODY = YES;
				CLANG_WARN_ENUM_CONVERSION = YES;
				CLANG_WARN_INFINITE_RECURSION = YES;
				CLANG_WARN_INT_CONVERSION = YES;
				CLANG_WARN_NON_LITERAL_NULL_CONVERSION = YES;
				CLANG_WARN_OBJC_IMPLICIT_RETAIN_SELF = YES;
				CLANG_WARN_OBJC_LITERAL_CONVERSION = YES;
				CLANG_WARN_OBJC_ROOT_CLASS = YES_ERROR;
				CLANG_WARN_RANGE_LOOP_ANALYSIS = YES;
				CLANG_WARN_STRICT_PROTOTYPES = YES;
				CLANG_WARN_SUSPICIOUS_MOVE = YES;
				CLANG_WARN_UNGUARDED_AVAILABILITY = YES_AGGRESSIVE;
				CLANG_WARN_UNREACHABLE_CODE = YES;
				CLANG_WARN__DUPLICATE_METHOD_MATCH = YES;
				CODE_SIGN_IDENTITY = "Mac Developer";
				COPY_PHASE_STRIP = NO;
				DEBUG_INFORMATION_FORMAT = dwarf;
				ENABLE_STRICT_OBJC_MSGSEND = YES;
				ENABLE_TESTABILITY = YES;
				GCC_C_LANGUAGE_STANDARD = gnu11;
				GCC_DYNAMIC_NO_PIC = NO;
				GCC_NO_COMMON_BLOCKS = YES;
				GCC_OPTIMIZATION_LEVEL = 0;
				GCC_PREPROCESSOR_DEFINITIONS = (
					"DEBUG=1",
					"$(inherited)",
				);
				GCC_WARN_64_TO_32_BIT_CONVERSION = YES;
				GCC_WARN_ABOUT_RETURN_TYPE = YES_ERROR;
				GCC_WARN_UNDECLARED_SELECTOR = YES;
				GCC_WARN_UNINITIALIZED_AUTOS = YES_AGGRESSIVE;
				GCC_WARN_UNUSED_FUNCTION = YES;
				GCC_WARN_UNUSED_VARIABLE = YES;
				MACOSX_DEPLOYMENT_TARGET = 10.14;
				MTL_ENABLE_DEBUG_INFO = INCLUDE_SOURCE;
				MTL_FAST_MATH = YES;
				ONLY_ACTIVE_ARCH = YES;
				SDKROOT = macosx;
			};
			name = Debug;
		};
		5348ED4121AF58BD000B940A /* Release */ = {
			isa = XCBuildConfiguration;
			buildSettings = {
				ALWAYS_SEARCH_USER_PATHS = NO;
				CLANG_ANALYZER_NONNULL = YES;
				CLANG_ANALYZER_NUMBER_OBJECT_CONVERSION = YES_AGGRESSIVE;
				CLANG_CXX_LANGUAGE_STANDARD = "gnu++14";
				CLANG_CXX_LIBRARY = "libc++";
				CLANG_ENABLE_MODULES = YES;
				CLANG_ENABLE_OBJC_ARC = YES;
				CLANG_ENABLE_OBJC_WEAK = YES;
				CLANG_WARN_BLOCK_CAPTURE_AUTORELEASING = YES;
				CLANG_WARN_BOOL_CONVERSION = YES;
				CLANG_WARN_COMMA = YES;
				CLANG_WARN_CONSTANT_CONVERSION = YES;
				CLANG_WARN_DEPRECATED_OBJC_IMPLEMENTATIONS = YES;
				CLANG_WARN_DIRECT_OBJC_ISA_USAGE = YES_ERROR;
				CLANG_WARN_DOCUMENTATION_COMMENTS = YES;
				CLANG_WARN_EMPTY_BODY = YES;
				CLANG_WARN_ENUM_CONVERSION = YES;
				CLANG_WARN_INFINITE_RECURSION = YES;
				CLANG_WARN_INT_CONVERSION = YES;
				CLANG_WARN_NON_LITERAL_NULL_CONVERSION = YES;
				CLANG_WARN_OBJC_IMPLICIT_RETAIN_SELF = YES;
				CLANG_WARN_OBJC_LITERAL_CONVERSION = YES;
				CLANG_WARN_OBJC_ROOT_CLASS = YES_ERROR;
				CLANG_WARN_RANGE_LOOP_ANALYSIS = YES;
				CLANG_WARN_STRICT_PROTOTYPES = YES;
				CLANG_WARN_SUSPICIOUS_MOVE = YES;
				CLANG_WARN_UNGUARDED_AVAILABILITY = YES_AGGRESSIVE;
				CLANG_WARN_UNREACHABLE_CODE = YES;
				CLANG_WARN__DUPLICATE_METHOD_MATCH = YES;
				CODE_SIGN_IDENTITY = "Mac Developer";
				COPY_PHASE_STRIP = NO;
				DEBUG_INFORMATION_FORMAT = "dwarf-with-dsym";
				ENABLE_NS_ASSERTIONS = NO;
				ENABLE_STRICT_OBJC_MSGSEND = YES;
				GCC_C_LANGUAGE_STANDARD = gnu11;
				GCC_NO_COMMON_BLOCKS = YES;
				GCC_WARN_64_TO_32_BIT_CONVERSION = YES;
				GCC_WARN_ABOUT_RETURN_TYPE = YES_ERROR;
				GCC_WARN_UNDECLARED_SELECTOR = YES;
				GCC_WARN_UNINITIALIZED_AUTOS = YES_AGGRESSIVE;
				GCC_WARN_UNUSED_FUNCTION = YES;
				GCC_WARN_UNUSED_VARIABLE = YES;
				MACOSX_DEPLOYMENT_TARGET = 10.14;
				MTL_ENABLE_DEBUG_INFO = NO;
				MTL_FAST_MATH = YES;
				SDKROOT = macosx;
			};
			name = Release;
		};
		5348ED4321AF58BD000B940A /* Debug */ = {
			isa = XCBuildConfiguration;
			buildSettings = {
				CODE_SIGN_STYLE = Automatic;
				DEVELOPMENT_TEAM = 94H887LKV9;
				EXECUTABLE_PREFIX = lib;
				PRODUCT_NAME = "$(TARGET_NAME)";
				SKIP_INSTALL = YES;
			};
			name = Debug;
		};
		5348ED4421AF58BD000B940A /* Release */ = {
			isa = XCBuildConfiguration;
			buildSettings = {
				CODE_SIGN_STYLE = Automatic;
				DEVELOPMENT_TEAM = 94H887LKV9;
				EXECUTABLE_PREFIX = lib;
				PRODUCT_NAME = "$(TARGET_NAME)";
				SKIP_INSTALL = YES;
			};
			name = Release;
		};
		5348ED6A21AFA2B4000B940A /* Debug */ = {
			isa = XCBuildConfiguration;
			buildSettings = {
				CODE_SIGN_STYLE = Automatic;
				DEVELOPMENT_TEAM = 94H887LKV9;
				HEADER_SEARCH_PATHS = "\"$(SRCROOT)/../../homeworkuser/Library/Developer/Xcode/DerivedData/har-hkfrodfpxjuyykfummdsbiedkbzd/Build/Products/Debug/usr/local/include\"";
				PRODUCT_NAME = "$(TARGET_NAME)";
			};
			name = Debug;
		};
		5348ED6B21AFA2B4000B940A /* Release */ = {
			isa = XCBuildConfiguration;
			buildSettings = {
				CODE_SIGN_STYLE = Automatic;
				DEVELOPMENT_TEAM = 94H887LKV9;
				HEADER_SEARCH_PATHS = "\"$(SRCROOT)/../../homeworkuser/Library/Developer/Xcode/DerivedData/har-hkfrodfpxjuyykfummdsbiedkbzd/Build/Products/Debug/usr/local/include\"";
				PRODUCT_NAME = "$(TARGET_NAME)";
			};
			name = Release;
		};
/* End XCBuildConfiguration section */

/* Begin XCConfigurationList section */
		5348ED3921AF58BD000B940A /* Build configuration list for PBXProject "har" */ = {
			isa = XCConfigurationList;
			buildConfigurations = (
				5348ED4021AF58BD000B940A /* Debug */,
				5348ED4121AF58BD000B940A /* Release */,
			);
			defaultConfigurationIsVisible = 0;
			defaultConfigurationName = Release;
		};
		5348ED4221AF58BD000B940A /* Build configuration list for PBXNativeTarget "har" */ = {
			isa = XCConfigurationList;
			buildConfigurations = (
				5348ED4321AF58BD000B940A /* Debug */,
				5348ED4421AF58BD000B940A /* Release */,
			);
			defaultConfigurationIsVisible = 0;
			defaultConfigurationName = Release;
		};
		5348ED6921AFA2B4000B940A /* Build configuration list for PBXNativeTarget "har-test" */ = {
			isa = XCConfigurationList;
			buildConfigurations = (
				5348ED6A21AFA2B4000B940A /* Debug */,
				5348ED6B21AFA2B4000B940A /* Release */,
			);
			defaultConfigurationIsVisible = 0;
			defaultConfigurationName = Release;
		};
/* End XCConfigurationList section */
	};
	rootObject = 5348ED3621AF58BD000B940A /* Project object */;
}
